
Microsoft Visual Studio Solution File, Format Version 10.00
# Visual Studio 2008
Project("{8BC9CEB8-8B4A-11D0-8D11-00A0C91BC942}") = "NationFight2_1", "NationFight2_1.vcproj", "{D963EA34-49B7-49B8-9108-D882B5981B33}"
	ProjectSection(ProjectDependencies) = postProject
		{3B17DA30-5767-400A-B003-F5D3CE74D2C6} = {3B17DA30-5767-400A-B003-F5D3CE74D2C6}
		{89CA90A4-F9C9-492E-ADAD-4FA35D734630} = {89CA90A4-F9C9-492E-ADAD-4FA35D734630}
	EndProjectSection
EndProject
Project("{8BC9CEB8-8B4A-11D0-8D11-00A0C91BC942}") = "G2DEngine", "..\G2DEngine\G2DEngine.vcproj", "{3B17DA30-5767-400A-B003-F5D3CE74D2C6}"
EndProject
Project("{8BC9CEB8-8B4A-11D0-8D11-00A0C91BC942}") = "SoundEngine", "..\SoundEngine\SoundEngine.vcproj", "{89CA90A4-F9C9-492E-ADAD-4FA35D734630}"
EndProject
Global
	GlobalSection(SolutionConfigurationPlatforms) = preSolution
		Debug|Win32 = Debug|Win32
		Release|Win32 = Release|Win32
	EndGlobalSection
	GlobalSection(ProjectConfigurationPlatforms) = postSolution
		{D963EA34-49B7-49B8-9108-D882B5981B33}.Debug|Win32.ActiveCfg = Debug|Win32
		{D963EA34-49B7-49B8-9108-D882B5981B33}.Debug|Win32.Build.0 = Debug|Win32
		{D963EA34-49B7-49B8-9108-D882B5981B33}.Release|Win32.ActiveCfg = Release|Win32
		{D963EA34-49B7-49B8-9108-D882B5981B33}.Release|Win32.Build.0 = Release|Win32
		{3B17DA30-5767-400A-B003-F5D3CE74D2C6}.Debug|Win32.ActiveCfg = Debug|Win32
		{3B17DA30-5767-400A-B003-F5D3CE74D2C6}.Debug|Win32.Build.0 = Debug|Win32
		{3B17DA30-5767-400A-B003-F5D3CE74D2C6}.Release|Win32.ActiveCfg = Release|Win32
		{3B17DA30-5767-400A-B003-F5D3CE74D2C6}.Release|Win32.Build.0 = Release|Win32
		{89CA90A4-F9C9-492E-ADAD-4FA35D734630}.Debug|Win32.ActiveCfg = Debug|Win32
		{89CA90A4-F9C9-492E-ADAD-4FA35D734630}.Debug|Win32.Build.0 = Debug|Win32
		{89CA90A4-F9C9-492E-ADAD-4FA35D734630}.Release|Win32.ActiveCfg = Release|Win32
		{89CA90A4-F9C9-492E-ADAD-4FA35D734630}.Release|Win32.Build.0 = Release|Win32
	EndGlobalSection
	GlobalSection(SolutionProperties) = preSolution
		HideSolutionNode = FALSE
	EndGlobalSection
EndGlobal
