
Microsoft Visual Studio Solution File, Format Version 10.00
# Visual Studio 2008
Project("{8BC9CEB8-8B4A-11D0-8D11-00A0C91BC942}") = "GameGUI", "GameGUI.vcproj", "{EF78C320-FED9-472B-B7BB-2761648B43AE}"
	ProjectSection(ProjectDependencies) = postProject
		{3B17DA30-5767-400A-B003-F5D3CE74D2C6} = {3B17DA30-5767-400A-B003-F5D3CE74D2C6}
	EndProjectSection
EndProject
Project("{8BC9CEB8-8B4A-11D0-8D11-00A0C91BC942}") = "G2DEngine", "..\G2DEngine\G2DEngine.vcproj", "{3B17DA30-5767-400A-B003-F5D3CE74D2C6}"
EndProject
Global
	GlobalSection(SolutionConfigurationPlatforms) = preSolution
		Debug|Win32 = Debug|Win32
		Release|Win32 = Release|Win32
	EndGlobalSection
	GlobalSection(ProjectConfigurationPlatforms) = postSolution
		{EF78C320-FED9-472B-B7BB-2761648B43AE}.Debug|Win32.ActiveCfg = Debug|Win32
		{EF78C320-FED9-472B-B7BB-2761648B43AE}.Debug|Win32.Build.0 = Debug|Win32
		{EF78C320-FED9-472B-B7BB-2761648B43AE}.Release|Win32.ActiveCfg = Release|Win32
		{EF78C320-FED9-472B-B7BB-2761648B43AE}.Release|Win32.Build.0 = Release|Win32
		{3B17DA30-5767-400A-B003-F5D3CE74D2C6}.Debug|Win32.ActiveCfg = Debug|Win32
		{3B17DA30-5767-400A-B003-F5D3CE74D2C6}.Debug|Win32.Build.0 = Debug|Win32
		{3B17DA30-5767-400A-B003-F5D3CE74D2C6}.Release|Win32.ActiveCfg = Release|Win32
		{3B17DA30-5767-400A-B003-F5D3CE74D2C6}.Release|Win32.Build.0 = Release|Win32
	EndGlobalSection
	GlobalSection(SolutionProperties) = preSolution
		HideSolutionNode = FALSE
	EndGlobalSection
EndGlobal
